
Microsoft Visual Studio Solution File, Format Version 12.00
# Visual Studio Version 17
VisualStudioVersion = 17.9.34723.18
MinimumVisualStudioVersion = 10.0.40219.1
Project("{FAE04EC0-301F-11D3-BF4B-00C04F79EFBC}") = "ConfigurationTests", "ConfigurationTests\ConfigurationTests.csproj", "{B551584D-4A58-46D9-935C-F65041E4E9C1}"
EndProject
Project("{FAE04EC0-301F-11D3-BF4B-00C04F79EFBC}") = "UserAuthorizer", "UserAuthorizer\UserAuthorizer.csproj", "{4FC035CC-0A4B-4AC4-99B2-17CDB894CFE9}"
EndProject
Global
	GlobalSection(SolutionConfigurationPlatforms) = preSolution
		Debug|Any CPU = Debug|Any CPU
		Release|Any CPU = Release|Any CPU
	EndGlobalSection
	GlobalSection(ProjectConfigurationPlatforms) = postSolution
		{B551584D-4A58-46D9-935C-F65041E4E9C1}.Debug|Any CPU.ActiveCfg = Debug|Any CPU
		{B551584D-4A58-46D9-935C-F65041E4E9C1}.Debug|Any CPU.Build.0 = Debug|Any CPU
		{B551584D-4A58-46D9-935C-F65041E4E9C1}.Release|Any CPU.ActiveCfg = Release|Any CPU
		{B551584D-4A58-46D9-935C-F65041E4E9C1}.Release|Any CPU.Build.0 = Release|Any CPU
		{4FC035CC-0A4B-4AC4-99B2-17CDB894CFE9}.Debug|Any CPU.ActiveCfg = Debug|Any CPU
		{4FC035CC-0A4B-4AC4-99B2-17CDB894CFE9}.Debug|Any CPU.Build.0 = Debug|Any CPU
		{4FC035CC-0A4B-4AC4-99B2-17CDB894CFE9}.Release|Any CPU.ActiveCfg = Release|Any CPU
		{4FC035CC-0A4B-4AC4-99B2-17CDB894CFE9}.Release|Any CPU.Build.0 = Release|Any CPU
	EndGlobalSection
	GlobalSection(SolutionProperties) = preSolution
		HideSolutionNode = FALSE
	EndGlobalSection
	GlobalSection(ExtensibilityGlobals) = postSolution
		SolutionGuid = {7BDAF065-019E-4F21-9DAF-97CDE57B2BF4}
	EndGlobalSection
EndGlobal
